
Microsoft Visual Studio Solution File, Format Version 12.00
# Visual Studio Version 16
VisualStudioVersion = 16.0.31402.337
MinimumVisualStudioVersion = 10.0.40219.1
Project("{FAE04EC0-301F-11D3-BF4B-00C04F79EFBC}") = "Eleicoes", "Eleicoes\Eleicoes.csproj", "{FBC5F31B-A8A1-4744-A3DE-83AE3DA67E26}"
EndProject
Global
	GlobalSection(SolutionConfigurationPlatforms) = preSolution
		Debug|Any CPU = Debug|Any CPU
		Release|Any CPU = Release|Any CPU
	EndGlobalSection
	GlobalSection(ProjectConfigurationPlatforms) = postSolution
		{FBC5F31B-A8A1-4744-A3DE-83AE3DA67E26}.Debug|Any CPU.ActiveCfg = Debug|Any CPU
		{FBC5F31B-A8A1-4744-A3DE-83AE3DA67E26}.Debug|Any CPU.Build.0 = Debug|Any CPU
		{FBC5F31B-A8A1-4744-A3DE-83AE3DA67E26}.Release|Any CPU.ActiveCfg = Release|Any CPU
		{FBC5F31B-A8A1-4744-A3DE-83AE3DA67E26}.Release|Any CPU.Build.0 = Release|Any CPU
	EndGlobalSection
	GlobalSection(SolutionProperties) = preSolution
		HideSolutionNode = FALSE
	EndGlobalSection
	GlobalSection(ExtensibilityGlobals) = postSolution
		SolutionGuid = {51AB8E22-296D-44CA-A82E-5F4C0AF24128}
	EndGlobalSection
EndGlobal
